
Microsoft Visual Studio Solution File, Format Version 12.00
# Visual Studio Version 16
VisualStudioVersion = 16.0.31112.23
MinimumVisualStudioVersion = 10.0.40219.1
Project("{FAE04EC0-301F-11D3-BF4B-00C04F79EFBC}") = "Running Bot", "Running Bot.csproj", "{3854BF08-CB17-4BA7-BA8E-1BF7A32EF6D3}"
EndProject
Global
	GlobalSection(SolutionConfigurationPlatforms) = preSolution
		Debug|Any CPU = Debug|Any CPU
		Release|Any CPU = Release|Any CPU
	EndGlobalSection
	GlobalSection(ProjectConfigurationPlatforms) = postSolution
		{3854BF08-CB17-4BA7-BA8E-1BF7A32EF6D3}.Debug|Any CPU.ActiveCfg = Debug|Any CPU
		{3854BF08-CB17-4BA7-BA8E-1BF7A32EF6D3}.Debug|Any CPU.Build.0 = Debug|Any CPU
		{3854BF08-CB17-4BA7-BA8E-1BF7A32EF6D3}.Release|Any CPU.ActiveCfg = Release|Any CPU
		{3854BF08-CB17-4BA7-BA8E-1BF7A32EF6D3}.Release|Any CPU.Build.0 = Release|Any CPU
	EndGlobalSection
	GlobalSection(SolutionProperties) = preSolution
		HideSolutionNode = FALSE
	EndGlobalSection
	GlobalSection(ExtensibilityGlobals) = postSolution
		SolutionGuid = {A6F683F0-BF91-47DA-B3D5-B4E1F7D68BFF}
	EndGlobalSection
EndGlobal
